
Microsoft Visual Studio Solution File, Format Version 12.00
# Visual Studio 15
VisualStudioVersion = 15.0.27428.2002
MinimumVisualStudioVersion = 10.0.40219.1
Project("{FAE04EC0-301F-11D3-BF4B-00C04F79EFBC}") = "Dapper.Data", "Dapper.Data\Dapper.Data.csproj", "{5D3F4D1A-2435-4988-9C27-19E977AC0F29}"
EndProject
Project("{FAE04EC0-301F-11D3-BF4B-00C04F79EFBC}") = "洛延", "洛延\洛延.csproj", "{50CBD128-F874-45CD-8239-3C949BC9A911}"
EndProject
Project("{FAE04EC0-301F-11D3-BF4B-00C04F79EFBC}") = "EF", "EF\EF.csproj", "{AA79A965-796F-4F2B-9AE1-C83B72EB1615}"
EndProject
Global
	GlobalSection(SolutionConfigurationPlatforms) = preSolution
		Debug|Any CPU = Debug|Any CPU
		Release|Any CPU = Release|Any CPU
	EndGlobalSection
	GlobalSection(ProjectConfigurationPlatforms) = postSolution
		{5D3F4D1A-2435-4988-9C27-19E977AC0F29}.Debug|Any CPU.ActiveCfg = Debug|Any CPU
		{5D3F4D1A-2435-4988-9C27-19E977AC0F29}.Debug|Any CPU.Build.0 = Debug|Any CPU
		{5D3F4D1A-2435-4988-9C27-19E977AC0F29}.Release|Any CPU.ActiveCfg = Release|Any CPU
		{5D3F4D1A-2435-4988-9C27-19E977AC0F29}.Release|Any CPU.Build.0 = Release|Any CPU
		{50CBD128-F874-45CD-8239-3C949BC9A911}.Debug|Any CPU.ActiveCfg = Debug|Any CPU
		{50CBD128-F874-45CD-8239-3C949BC9A911}.Debug|Any CPU.Build.0 = Debug|Any CPU
		{50CBD128-F874-45CD-8239-3C949BC9A911}.Release|Any CPU.ActiveCfg = Release|Any CPU
		{50CBD128-F874-45CD-8239-3C949BC9A911}.Release|Any CPU.Build.0 = Release|Any CPU
		{AA79A965-796F-4F2B-9AE1-C83B72EB1615}.Debug|Any CPU.ActiveCfg = Debug|Any CPU
		{AA79A965-796F-4F2B-9AE1-C83B72EB1615}.Debug|Any CPU.Build.0 = Debug|Any CPU
		{AA79A965-796F-4F2B-9AE1-C83B72EB1615}.Release|Any CPU.ActiveCfg = Release|Any CPU
		{AA79A965-796F-4F2B-9AE1-C83B72EB1615}.Release|Any CPU.Build.0 = Release|Any CPU
	EndGlobalSection
	GlobalSection(SolutionProperties) = preSolution
		HideSolutionNode = FALSE
	EndGlobalSection
	GlobalSection(ExtensibilityGlobals) = postSolution
		SolutionGuid = {03EACDE7-C6B6-454D-80A8-A7A7ED6E7E2D}
	EndGlobalSection
EndGlobal
